
Microsoft Visual Studio Solution File, Format Version 12.00
# Visual Studio 15
VisualStudioVersion = 15.0.28307.421
MinimumVisualStudioVersion = 10.0.40219.1
Project("{2150E333-8FDC-42A3-9474-1A3956D46DE8}") = "src", "src", "{3839C6EE-78BF-447B-BF5C-AC1B6DC37094}"
EndProject
Project("{2150E333-8FDC-42A3-9474-1A3956D46DE8}") = "services", "services", "{4D8FC775-FAE4-4618-9F13-CC5363BD2081}"
EndProject
Project("{2150E333-8FDC-42A3-9474-1A3956D46DE8}") = "web", "web", "{9CC15D5B-3F87-4B0C-B5C5-4CE4C8A2CDED}"
EndProject
Project("{9A19103F-16F7-4668-BE54-9A1E7A4F7556}") = "ProductCatalogAPI", "ProductCatalogAPI\ProductCatalogAPI.csproj", "{D6A02B31-14F4-4E64-82C7-4AFF28D245B2}"
EndProject
Project("{9A19103F-16F7-4668-BE54-9A1E7A4F7556}") = "WebMvc", "WebMvc\WebMvc.csproj", "{5EB9F0C0-546B-49AA-B019-1B9CD04E361B}"
EndProject
Project("{E53339B2-1760-4266-BCC7-CA923CBCF16C}") = "docker-compose", "docker-compose.dcproj", "{4FD1E439-0927-4283-A160-75EA26718E9C}"
EndProject
Global
	GlobalSection(SolutionConfigurationPlatforms) = preSolution
		Debug|Any CPU = Debug|Any CPU
		Release|Any CPU = Release|Any CPU
	EndGlobalSection
	GlobalSection(ProjectConfigurationPlatforms) = postSolution
		{D6A02B31-14F4-4E64-82C7-4AFF28D245B2}.Debug|Any CPU.ActiveCfg = Debug|Any CPU
		{D6A02B31-14F4-4E64-82C7-4AFF28D245B2}.Debug|Any CPU.Build.0 = Debug|Any CPU
		{D6A02B31-14F4-4E64-82C7-4AFF28D245B2}.Release|Any CPU.ActiveCfg = Release|Any CPU
		{D6A02B31-14F4-4E64-82C7-4AFF28D245B2}.Release|Any CPU.Build.0 = Release|Any CPU
		{5EB9F0C0-546B-49AA-B019-1B9CD04E361B}.Debug|Any CPU.ActiveCfg = Debug|Any CPU
		{5EB9F0C0-546B-49AA-B019-1B9CD04E361B}.Debug|Any CPU.Build.0 = Debug|Any CPU
		{5EB9F0C0-546B-49AA-B019-1B9CD04E361B}.Release|Any CPU.ActiveCfg = Release|Any CPU
		{5EB9F0C0-546B-49AA-B019-1B9CD04E361B}.Release|Any CPU.Build.0 = Release|Any CPU
		{4FD1E439-0927-4283-A160-75EA26718E9C}.Debug|Any CPU.ActiveCfg = Debug|Any CPU
		{4FD1E439-0927-4283-A160-75EA26718E9C}.Debug|Any CPU.Build.0 = Debug|Any CPU
		{4FD1E439-0927-4283-A160-75EA26718E9C}.Release|Any CPU.ActiveCfg = Release|Any CPU
		{4FD1E439-0927-4283-A160-75EA26718E9C}.Release|Any CPU.Build.0 = Release|Any CPU
	EndGlobalSection
	GlobalSection(SolutionProperties) = preSolution
		HideSolutionNode = FALSE
	EndGlobalSection
	GlobalSection(NestedProjects) = preSolution
		{4D8FC775-FAE4-4618-9F13-CC5363BD2081} = {3839C6EE-78BF-447B-BF5C-AC1B6DC37094}
		{9CC15D5B-3F87-4B0C-B5C5-4CE4C8A2CDED} = {3839C6EE-78BF-447B-BF5C-AC1B6DC37094}
		{D6A02B31-14F4-4E64-82C7-4AFF28D245B2} = {4D8FC775-FAE4-4618-9F13-CC5363BD2081}
		{5EB9F0C0-546B-49AA-B019-1B9CD04E361B} = {9CC15D5B-3F87-4B0C-B5C5-4CE4C8A2CDED}
	EndGlobalSection
	GlobalSection(ExtensibilityGlobals) = postSolution
		SolutionGuid = {542A2B4E-08C3-4CEB-AD68-BC6EB1AFF630}
	EndGlobalSection
EndGlobal
